// !$*UTF8*$!
{
	archiveVersion = 1;
	classes = {
	};
	objectVersion = 55;
	objects = {

/* Begin PBXBuildFile section */
		EE0E89BB27252D6D00DE851F /* main.cpp in Sources */ = {isa = PBXBuildFile; fileRef = EE0E89BA27252D6D00DE851F /* main.cpp */; };
		EE0E89CA27253C6D00DE851F /* libgtest_main.a in Frameworks */ = {isa = PBXBuildFile; fileRef = EE0E89C62725398800DE851F /* libgtest_main.a */; };
		EE0E89CB27253C6D00DE851F /* libgtest.a in Frameworks */ = {isa = PBXBuildFile; fileRef = EE0E89C72725398800DE851F /* libgtest.a */; };
		EE0E89D327253D7A00DE851F /* Unit_Tests.m in Sources */ = {isa = PBXBuildFile; fileRef = EE0E89D227253D7A00DE851F /* Unit_Tests.m */; };
		EE0E89D827253DAC00DE851F /* GoogleTests.mm in Sources */ = {isa = PBXBuildFile; fileRef = EE0E89D727253DAC00DE851F /* GoogleTests.mm */; };
		EE0E89D927253E4C00DE851F /* main.cpp in Sources */ = {isa = PBXBuildFile; fileRef = EE0E89BA27252D6D00DE851F /* main.cpp */; };
		EE0E89DA27253E7E00DE851F /* libgtest_main.a in Frameworks */ = {isa = PBXBuildFile; fileRef = EE0E89C62725398800DE851F /* libgtest_main.a */; };
		EE0E89DB27253E7E00DE851F /* libgtest.a in Frameworks */ = {isa = PBXBuildFile; fileRef = EE0E89C72725398800DE851F /* libgtest.a */; };
		EE0E89DE272569D400DE851F /* Checkout.cpp in Sources */ = {isa = PBXBuildFile; fileRef = EE0E89DC272569D400DE851F /* Checkout.cpp */; };
		EE0E89DF27256B7E00DE851F /* Checkout.cpp in Sources */ = {isa = PBXBuildFile; fileRef = EE0E89DC272569D400DE851F /* Checkout.cpp */; };
/* End PBXBuildFile section */

/* Begin PBXCopyFilesBuildPhase section */
		EE0E89B527252D6D00DE851F /* CopyFiles */ = {
			isa = PBXCopyFilesBuildPhase;
			buildActionMask = 2147483647;
			dstPath = /usr/share/man/man1/;
			dstSubfolderSpec = 0;
			files = (
			);
			runOnlyForDeploymentPostprocessing = 1;
		};
/* End PBXCopyFilesBuildPhase section */

/* Begin PBXFileReference section */
		EE0E89B727252D6D00DE851F /* googletest */ = {isa = PBXFileReference; explicitFileType = "compiled.mach-o.executable"; includeInIndex = 0; path = googletest; sourceTree = BUILT_PRODUCTS_DIR; };
		EE0E89BA27252D6D00DE851F /* main.cpp */ = {isa = PBXFileReference; lastKnownFileType = sourcecode.cpp.cpp; path = main.cpp; sourceTree = "<group>"; };
		EE0E89C22725328500DE851F /* libgtest.a */ = {isa = PBXFileReference; lastKnownFileType = archive.ar; name = libgtest.a; path = ../../../Desktop/cpp/googletest/build/lib/libgtest.a; sourceTree = "<group>"; };
		EE0E89C4272532D100DE851F /* libgtest_main.a */ = {isa = PBXFileReference; lastKnownFileType = archive.ar; name = libgtest_main.a; path = ../../../Desktop/cpp/googletest/build/lib/libgtest_main.a; sourceTree = "<group>"; };
		EE0E89C62725398800DE851F /* libgtest_main.a */ = {isa = PBXFileReference; lastKnownFileType = archive.ar; name = libgtest_main.a; path = test/googletest/build/lib/libgtest_main.a; sourceTree = "<group>"; };
		EE0E89C72725398800DE851F /* libgtest.a */ = {isa = PBXFileReference; lastKnownFileType = archive.ar; name = libgtest.a; path = test/googletest/build/lib/libgtest.a; sourceTree = "<group>"; };
		EE0E89D027253D7A00DE851F /* Unit Tests.xctest */ = {isa = PBXFileReference; explicitFileType = wrapper.cfbundle; includeInIndex = 0; path = "Unit Tests.xctest"; sourceTree = BUILT_PRODUCTS_DIR; };
		EE0E89D227253D7A00DE851F /* Unit_Tests.m */ = {isa = PBXFileReference; lastKnownFileType = sourcecode.c.objc; path = Unit_Tests.m; sourceTree = "<group>"; };
		EE0E89D727253DAC00DE851F /* GoogleTests.mm */ = {isa = PBXFileReference; fileEncoding = 4; lastKnownFileType = sourcecode.cpp.objcpp; name = GoogleTests.mm; path = "xcode-googletest/Bundle/GoogleTests.mm"; sourceTree = SOURCE_ROOT; };
		EE0E89DC272569D400DE851F /* Checkout.cpp */ = {isa = PBXFileReference; lastKnownFileType = sourcecode.cpp.cpp; path = Checkout.cpp; sourceTree = "<group>"; };
		EE0E89DD272569D400DE851F /* Checkout.hpp */ = {isa = PBXFileReference; lastKnownFileType = sourcecode.cpp.h; path = Checkout.hpp; sourceTree = "<group>"; };
/* End PBXFileReference section */

/* Begin PBXFrameworksBuildPhase section */
		EE0E89B427252D6D00DE851F /* Frameworks */ = {
			isa = PBXFrameworksBuildPhase;
			buildActionMask = 2147483647;
			files = (
				EE0E89CA27253C6D00DE851F /* libgtest_main.a in Frameworks */,
				EE0E89CB27253C6D00DE851F /* libgtest.a in Frameworks */,
			);
			runOnlyForDeploymentPostprocessing = 0;
		};
		EE0E89CD27253D7A00DE851F /* Frameworks */ = {
			isa = PBXFrameworksBuildPhase;
			buildActionMask = 2147483647;
			files = (
				EE0E89DA27253E7E00DE851F /* libgtest_main.a in Frameworks */,
				EE0E89DB27253E7E00DE851F /* libgtest.a in Frameworks */,
			);
			runOnlyForDeploymentPostprocessing = 0;
		};
/* End PBXFrameworksBuildPhase section */

/* Begin PBXGroup section */
		EE0E89AE27252D6D00DE851F = {
			isa = PBXGroup;
			children = (
				EE0E89B927252D6D00DE851F /* googletest */,
				EE0E89D127253D7A00DE851F /* Unit Tests */,
				EE0E89B827252D6D00DE851F /* Products */,
				EE0E89C12725328400DE851F /* Frameworks */,
			);
			sourceTree = "<group>";
		};
		EE0E89B827252D6D00DE851F /* Products */ = {
			isa = PBXGroup;
			children = (
				EE0E89B727252D6D00DE851F /* googletest */,
				EE0E89D027253D7A00DE851F /* Unit Tests.xctest */,
			);
			name = Products;
			sourceTree = "<group>";
		};
		EE0E89B927252D6D00DE851F /* googletest */ = {
			isa = PBXGroup;
			children = (
				EE0E89BA27252D6D00DE851F /* main.cpp */,
				EE0E89DC272569D400DE851F /* Checkout.cpp */,
				EE0E89DD272569D400DE851F /* Checkout.hpp */,
			);
			path = googletest;
			sourceTree = "<group>";
		};
		EE0E89C12725328400DE851F /* Frameworks */ = {
			isa = PBXGroup;
			children = (
				EE0E89C62725398800DE851F /* libgtest_main.a */,
				EE0E89C72725398800DE851F /* libgtest.a */,
				EE0E89C4272532D100DE851F /* libgtest_main.a */,
				EE0E89C22725328500DE851F /* libgtest.a */,
			);
			name = Frameworks;
			sourceTree = "<group>";
		};
		EE0E89D127253D7A00DE851F /* Unit Tests */ = {
			isa = PBXGroup;
			children = (
				EE0E89D727253DAC00DE851F /* GoogleTests.mm */,
				EE0E89D227253D7A00DE851F /* Unit_Tests.m */,
			);
			path = "Unit Tests";
			sourceTree = "<group>";
		};
/* End PBXGroup section */

/* Begin PBXNativeTarget section */
		EE0E89B627252D6D00DE851F /* googletest */ = {
			isa = PBXNativeTarget;
			buildConfigurationList = EE0E89BE27252D6D00DE851F /* Build configuration list for PBXNativeTarget "googletest" */;
			buildPhases = (
				EE0E89B327252D6D00DE851F /* Sources */,
				EE0E89B427252D6D00DE851F /* Frameworks */,
				EE0E89B527252D6D00DE851F /* CopyFiles */,
			);
			buildRules = (
			);
			dependencies = (
			);
			name = googletest;
			productName = googletest;
			productReference = EE0E89B727252D6D00DE851F /* googletest */;
			productType = "com.apple.product-type.tool";
		};
		EE0E89CF27253D7A00DE851F /* Unit Tests */ = {
			isa = PBXNativeTarget;
			buildConfigurationList = EE0E89D427253D7A00DE851F /* Build configuration list for PBXNativeTarget "Unit Tests" */;
			buildPhases = (
				EE0E89CC27253D7A00DE851F /* Sources */,
				EE0E89CD27253D7A00DE851F /* Frameworks */,
				EE0E89CE27253D7A00DE851F /* Resources */,
			);
			buildRules = (
			);
			dependencies = (
			);
			name = "Unit Tests";
			productName = "Unit Tests";
			productReference = EE0E89D027253D7A00DE851F /* Unit Tests.xctest */;
			productType = "com.apple.product-type.bundle.unit-test";
		};
/* End PBXNativeTarget section */

/* Begin PBXProject section */
		EE0E89AF27252D6D00DE851F /* Project object */ = {
			isa = PBXProject;
			attributes = {
				BuildIndependentTargetsInParallel = 1;
				LastUpgradeCheck = 1300;
				TargetAttributes = {
					EE0E89B627252D6D00DE851F = {
						CreatedOnToolsVersion = 13.0;
					};
					EE0E89CF27253D7A00DE851F = {
						CreatedOnToolsVersion = 13.0;
					};
				};
			};
			buildConfigurationList = EE0E89B227252D6D00DE851F /* Build configuration list for PBXProject "googletest" */;
			compatibilityVersion = "Xcode 13.0";
			developmentRegion = en;
			hasScannedForEncodings = 0;
			knownRegions = (
				en,
				Base,
			);
			mainGroup = EE0E89AE27252D6D00DE851F;
			productRefGroup = EE0E89B827252D6D00DE851F /* Products */;
			projectDirPath = "";
			projectRoot = "";
			targets = (
				EE0E89B627252D6D00DE851F /* googletest */,
				EE0E89CF27253D7A00DE851F /* Unit Tests */,
			);
		};
/* End PBXProject section */

/* Begin PBXResourcesBuildPhase section */
		EE0E89CE27253D7A00DE851F /* Resources */ = {
			isa = PBXResourcesBuildPhase;
			buildActionMask = 2147483647;
			files = (
			);
			runOnlyForDeploymentPostprocessing = 0;
		};
/* End PBXResourcesBuildPhase section */

/* Begin PBXSourcesBuildPhase section */
		EE0E89B327252D6D00DE851F /* Sources */ = {
			isa = PBXSourcesBuildPhase;
			buildActionMask = 2147483647;
			files = (
				EE0E89BB27252D6D00DE851F /* main.cpp in Sources */,
				EE0E89DE272569D400DE851F /* Checkout.cpp in Sources */,
			);
			runOnlyForDeploymentPostprocessing = 0;
		};
		EE0E89CC27253D7A00DE851F /* Sources */ = {
			isa = PBXSourcesBuildPhase;
			buildActionMask = 2147483647;
			files = (
				EE0E89D827253DAC00DE851F /* GoogleTests.mm in Sources */,
				EE0E89D327253D7A00DE851F /* Unit_Tests.m in Sources */,
				EE0E89D927253E4C00DE851F /* main.cpp in Sources */,
				EE0E89DF27256B7E00DE851F /* Checkout.cpp in Sources */,
			);
			runOnlyForDeploymentPostprocessing = 0;
		};
/* End PBXSourcesBuildPhase section */

/* Begin XCBuildConfiguration section */
		EE0E89BC27252D6D00DE851F /* Debug */ = {
			isa = XCBuildConfiguration;
			buildSettings = {
				ALWAYS_SEARCH_USER_PATHS = NO;
				CLANG_ANALYZER_NONNULL = YES;
				CLANG_ANALYZER_NUMBER_OBJECT_CONVERSION = YES_AGGRESSIVE;
				CLANG_CXX_LANGUAGE_STANDARD = "gnu++17";
				CLANG_CXX_LIBRARY = "libc++";
				CLANG_ENABLE_MODULES = YES;
				CLANG_ENABLE_OBJC_ARC = YES;
				CLANG_ENABLE_OBJC_WEAK = YES;
				CLANG_WARN_BLOCK_CAPTURE_AUTORELEASING = YES;
				CLANG_WARN_BOOL_CONVERSION = YES;
				CLANG_WARN_COMMA = YES;
				CLANG_WARN_CONSTANT_CONVERSION = YES;
				CLANG_WARN_DEPRECATED_OBJC_IMPLEMENTATIONS = YES;
				CLANG_WARN_DIRECT_OBJC_ISA_USAGE = YES_ERROR;
				CLANG_WARN_DOCUMENTATION_COMMENTS = YES;
				CLANG_WARN_EMPTY_BODY = YES;
				CLANG_WARN_ENUM_CONVERSION = YES;
				CLANG_WARN_INFINITE_RECURSION = YES;
				CLANG_WARN_INT_CONVERSION = YES;
				CLANG_WARN_NON_LITERAL_NULL_CONVERSION = YES;
				CLANG_WARN_OBJC_IMPLICIT_RETAIN_SELF = YES;
				CLANG_WARN_OBJC_LITERAL_CONVERSION = YES;
				CLANG_WARN_OBJC_ROOT_CLASS = YES_ERROR;
				CLANG_WARN_QUOTED_INCLUDE_IN_FRAMEWORK_HEADER = YES;
				CLANG_WARN_RANGE_LOOP_ANALYSIS = YES;
				CLANG_WARN_STRICT_PROTOTYPES = YES;
				CLANG_WARN_SUSPICIOUS_MOVE = YES;
				CLANG_WARN_UNGUARDED_AVAILABILITY = YES_AGGRESSIVE;
				CLANG_WARN_UNREACHABLE_CODE = YES;
				CLANG_WARN__DUPLICATE_METHOD_MATCH = YES;
				COPY_PHASE_STRIP = NO;
				DEBUG_INFORMATION_FORMAT = dwarf;
				ENABLE_STRICT_OBJC_MSGSEND = YES;
				ENABLE_TESTABILITY = YES;
				GCC_C_LANGUAGE_STANDARD = gnu11;
				GCC_DYNAMIC_NO_PIC = NO;
				GCC_NO_COMMON_BLOCKS = YES;
				GCC_OPTIMIZATION_LEVEL = 0;
				GCC_PREPROCESSOR_DEFINITIONS = (
					"DEBUG=1",
					"$(inherited)",
				);
				GCC_WARN_64_TO_32_BIT_CONVERSION = YES;
				GCC_WARN_ABOUT_RETURN_TYPE = YES_ERROR;
				GCC_WARN_UNDECLARED_SELECTOR = YES;
				GCC_WARN_UNINITIALIZED_AUTOS = YES_AGGRESSIVE;
				GCC_WARN_UNUSED_FUNCTION = YES;
				GCC_WARN_UNUSED_VARIABLE = YES;
				MACOSX_DEPLOYMENT_TARGET = 11.3;
				MTL_ENABLE_DEBUG_INFO = INCLUDE_SOURCE;
				MTL_FAST_MATH = YES;
				ONLY_ACTIVE_ARCH = YES;
				SDKROOT = macosx;
			};
			name = Debug;
		};
		EE0E89BD27252D6D00DE851F /* Release */ = {
			isa = XCBuildConfiguration;
			buildSettings = {
				ALWAYS_SEARCH_USER_PATHS = NO;
				CLANG_ANALYZER_NONNULL = YES;
				CLANG_ANALYZER_NUMBER_OBJECT_CONVERSION = YES_AGGRESSIVE;
				CLANG_CXX_LANGUAGE_STANDARD = "gnu++17";
				CLANG_CXX_LIBRARY = "libc++";
				CLANG_ENABLE_MODULES = YES;
				CLANG_ENABLE_OBJC_ARC = YES;
				CLANG_ENABLE_OBJC_WEAK = YES;
				CLANG_WARN_BLOCK_CAPTURE_AUTORELEASING = YES;
				CLANG_WARN_BOOL_CONVERSION = YES;
				CLANG_WARN_COMMA = YES;
				CLANG_WARN_CONSTANT_CONVERSION = YES;
				CLANG_WARN_DEPRECATED_OBJC_IMPLEMENTATIONS = YES;
				CLANG_WARN_DIRECT_OBJC_ISA_USAGE = YES_ERROR;
				CLANG_WARN_DOCUMENTATION_COMMENTS = YES;
				CLANG_WARN_EMPTY_BODY = YES;
				CLANG_WARN_ENUM_CONVERSION = YES;
				CLANG_WARN_INFINITE_RECURSION = YES;
				CLANG_WARN_INT_CONVERSION = YES;
				CLANG_WARN_NON_LITERAL_NULL_CONVERSION = YES;
				CLANG_WARN_OBJC_IMPLICIT_RETAIN_SELF = YES;
				CLANG_WARN_OBJC_LITERAL_CONVERSION = YES;
				CLANG_WARN_OBJC_ROOT_CLASS = YES_ERROR;
				CLANG_WARN_QUOTED_INCLUDE_IN_FRAMEWORK_HEADER = YES;
				CLANG_WARN_RANGE_LOOP_ANALYSIS = YES;
				CLANG_WARN_STRICT_PROTOTYPES = YES;
				CLANG_WARN_SUSPICIOUS_MOVE = YES;
				CLANG_WARN_UNGUARDED_AVAILABILITY = YES_AGGRESSIVE;
				CLANG_WARN_UNREACHABLE_CODE = YES;
				CLANG_WARN__DUPLICATE_METHOD_MATCH = YES;
				COPY_PHASE_STRIP = NO;
				DEBUG_INFORMATION_FORMAT = "dwarf-with-dsym";
				ENABLE_NS_ASSERTIONS = NO;
				ENABLE_STRICT_OBJC_MSGSEND = YES;
				GCC_C_LANGUAGE_STANDARD = gnu11;
				GCC_NO_COMMON_BLOCKS = YES;
				GCC_WARN_64_TO_32_BIT_CONVERSION = YES;
				GCC_WARN_ABOUT_RETURN_TYPE = YES_ERROR;
				GCC_WARN_UNDECLARED_SELECTOR = YES;
				GCC_WARN_UNINITIALIZED_AUTOS = YES_AGGRESSIVE;
				GCC_WARN_UNUSED_FUNCTION = YES;
				GCC_WARN_UNUSED_VARIABLE = YES;
				MACOSX_DEPLOYMENT_TARGET = 11.3;
				MTL_ENABLE_DEBUG_INFO = NO;
				MTL_FAST_MATH = YES;
				SDKROOT = macosx;
			};
			name = Release;
		};
		EE0E89BF27252D6D00DE851F /* Debug */ = {
			isa = XCBuildConfiguration;
			buildSettings = {
				CODE_SIGN_STYLE = Automatic;
				HEADER_SEARCH_PATHS = /Users/irfan/projects/cpp/googletest/test/googletest/googletest/include;
				LIBRARY_SEARCH_PATHS = (
					/Users/irfan/projects/cpp/googletest/test/googletest/googlemock/test,
					"$(PROJECT_DIR)/test/googletest/build/lib",
				);
				PRODUCT_NAME = "$(TARGET_NAME)";
			};
			name = Debug;
		};
		EE0E89C027252D6D00DE851F /* Release */ = {
			isa = XCBuildConfiguration;
			buildSettings = {
				CODE_SIGN_STYLE = Automatic;
				HEADER_SEARCH_PATHS = /Users/irfan/projects/cpp/googletest/test/googletest/googletest/include;
				LIBRARY_SEARCH_PATHS = (
					/Users/irfan/projects/cpp/googletest/test/googletest/googlemock/test,
					"$(PROJECT_DIR)/test/googletest/build/lib",
				);
				PRODUCT_NAME = "$(TARGET_NAME)";
			};
			name = Release;
		};
		EE0E89D527253D7A00DE851F /* Debug */ = {
			isa = XCBuildConfiguration;
			buildSettings = {
				CODE_SIGN_STYLE = Automatic;
				COMBINE_HIDPI_IMAGES = YES;
				CURRENT_PROJECT_VERSION = 1;
				GENERATE_INFOPLIST_FILE = YES;
				HEADER_SEARCH_PATHS = /Users/irfan/projects/cpp/googletest/test/googletest/googletest/include;
				LD_RUNPATH_SEARCH_PATHS = (
					"$(inherited)",
					"@executable_path/../Frameworks",
					"@loader_path/../Frameworks",
				);
				LIBRARY_SEARCH_PATHS = (
					"$(inherited)",
					"$(PROJECT_DIR)/test/googletest/build/lib",
				);
				MARKETING_VERSION = 1.0;
				PRODUCT_BUNDLE_IDENTIFIER = "com.malwarebo.Unit-Tests";
				PRODUCT_NAME = "$(TARGET_NAME)";
				SWIFT_EMIT_LOC_STRINGS = NO;
			};
			name = Debug;
		};
		EE0E89D627253D7A00DE851F /* Release */ = {
			isa = XCBuildConfiguration;
			buildSettings = {
				CODE_SIGN_STYLE = Automatic;
				COMBINE_HIDPI_IMAGES = YES;
				CURRENT_PROJECT_VERSION = 1;
				GENERATE_INFOPLIST_FILE = YES;
				HEADER_SEARCH_PATHS = /Users/irfan/projects/cpp/googletest/test/googletest/googletest/include;
				LD_RUNPATH_SEARCH_PATHS = (
					"$(inherited)",
					"@executable_path/../Frameworks",
					"@loader_path/../Frameworks",
				);
				LIBRARY_SEARCH_PATHS = (
					"$(inherited)",
					"$(PROJECT_DIR)/test/googletest/build/lib",
				);
				MARKETING_VERSION = 1.0;
				PRODUCT_BUNDLE_IDENTIFIER = "com.malwarebo.Unit-Tests";
				PRODUCT_NAME = "$(TARGET_NAME)";
				SWIFT_EMIT_LOC_STRINGS = NO;
			};
			name = Release;
		};
/* End XCBuildConfiguration section */

/* Begin XCConfigurationList section */
		EE0E89B227252D6D00DE851F /* Build configuration list for PBXProject "googletest" */ = {
			isa = XCConfigurationList;
			buildConfigurations = (
				EE0E89BC27252D6D00DE851F /* Debug */,
				EE0E89BD27252D6D00DE851F /* Release */,
			);
			defaultConfigurationIsVisible = 0;
			defaultConfigurationName = Release;
		};
		EE0E89BE27252D6D00DE851F /* Build configuration list for PBXNativeTarget "googletest" */ = {
			isa = XCConfigurationList;
			buildConfigurations = (
				EE0E89BF27252D6D00DE851F /* Debug */,
				EE0E89C027252D6D00DE851F /* Release */,
			);
			defaultConfigurationIsVisible = 0;
			defaultConfigurationName = Release;
		};
		EE0E89D427253D7A00DE851F /* Build configuration list for PBXNativeTarget "Unit Tests" */ = {
			isa = XCConfigurationList;
			buildConfigurations = (
				EE0E89D527253D7A00DE851F /* Debug */,
				EE0E89D627253D7A00DE851F /* Release */,
			);
			defaultConfigurationIsVisible = 0;
			defaultConfigurationName = Release;
		};
/* End XCConfigurationList section */
	};
	rootObject = EE0E89AF27252D6D00DE851F /* Project object */;
}
